PODS:
  - Alamofire (4.6.0)
  - AlamofireImage (3.3.0):
    - Alamofire (~> 4.5)
  - PromiseKit (4.5.0):
    - PromiseKit/Foundation (= 4.5.0)
    - PromiseKit/QuartzCore (= 4.5.0)
    - PromiseKit/UIKit (= 4.5.0)
  - PromiseKit/CorePromise (4.5.0)
  - PromiseKit/Foundation (4.5.0):
    - PromiseKit/CorePromise
  - PromiseKit/QuartzCore (4.5.0):
    - PromiseKit/CorePromise
  - PromiseKit/UIKit (4.5.0):
    - PromiseKit/CorePromise
  - Realm (3.0.2):
    - Realm/Headers (= 3.0.2)
  - Realm/Headers (3.0.2)
  - RealmSwift (3.0.2):
    - Realm (= 3.0.2)
  - Swinject (2.1.1)
  - SwinjectAutoregistration (2.1.1):
    - Swinject (~> 2.1)
  - SwinjectStoryboard (1.1.2):
    - Swinject (~> 2.1)

DEPENDENCIES:
  - Alamofire
  - AlamofireImage
  - PromiseKit
  - RealmSwift
  - Swinject
  - SwinjectAutoregistration
  - SwinjectStoryboard

SPEC CHECKSUMS:
  Alamofire: f41a599bd63041760b26d393ec1069d9d7b917f4
  AlamofireImage: 2e784dc5d00f04903a52c1d169181469c805c3df
  PromiseKit: 9c1d9f6d7b65e3951a90bea7f407c56972be5d8e
  Realm: 6f23fd1f178a09342eac21bfa7c2bf4312a7a180
  RealmSwift: 695393add1b8f9d5fa75dd16e6355cf3935f71e2
  Swinject: afea49fd95f392b41171669f165842879c48fad6
  SwinjectAutoregistration: d06b56bd8f912b9fb9c59c15181342558a734b1b
  SwinjectStoryboard: 92e75763c3299cdf627bef98a5180dc894864336

PODFILE CHECKSUM: b467e417f06dc6c14c6c9e389826a0b2369f39e7

COCOAPODS: 1.4.0
